{
  "name": "@gesturify/web",
  "version": "1.0.0",
  "lockfileVersion": 3,
  "requires": true,
  "packages": {
    "": {
      "name": "@gesturify/web",
      "version": "1.0.0",
      "dependencies": {
        "@clerk/nextjs": "^7.9.7",
        "@mediapipe/tasks-vision": "^1.0.1",
        "canvas-confetti": "^1.9.4",
        "clsx": "^2.1.1",
        "lenis": "^1.3.17",
        "lucide-react": "^1.48.0",
        "next": "^16.3.6",
        "onnxruntime-web": "^1.30.0",
        "react": "^19.3.0",
        "react-dom": "^19.3.0",
        "tailwind-merge": "^3.7.0"
      },
      "devDependencies": {
        "@tailwindcss/postcss": "^4.3.3",
        "@types/canvas-confetti": "^1.9.0",
        "@types/node": "^20.14.0",
        "@types/react": "^19.3.0",
        "@types/react-dom": "^19.3.0",
        "autoprefixer": "^10.6.1",
        "postcss": "^8.5.28",
        "tailwindcss": "^4.3.3",
        "typescript": "^7.0.2"
      }
    },
    "../../node_modules/.pnpm/@mediapipe+tasks-vision@1.0.1/node_modules/@mediapipe/tasks-vision": {
      "version": "1.0.1",
      "license": "Apache-2.0"
    },
    "../../node_modules/.pnpm/@tailwindcss+postcss@4.3.3/node_modules/@tailwindcss/postcss": {
      "version": "4.3.3",
      "dev": true,
      "license": "MIT",
      "dependencies": {
        "@alloc/quick-lru": "^5.2.0",
        "@tailwindcss/node": "4.3.3",
        "@tailwindcss/oxide": "4.3.3",
        "postcss": "^8.5.16",
        "tailwindcss": "4.3.3"
      },
      "devDependencies": {
        "@types/node": "22.19.21",
        "@types/postcss-import": "14.0.3",
        "dedent": "1.7.2",
        "internal-example-plugin": "0.0.0",
        "postcss-import": "^16.1.1"
      }
    },
    "../../node_modules/.pnpm/@types+canvas-confetti@1.9.0/node_modules/@types/canvas-confetti": {
      "version": "1.9.0",
      "dev": true,
      "license": "MIT"
    },
    "../../node_modules/.pnpm/@types+node@20.19.43/node_modules/@types/node": {
      "version": "20.19.43",
      "dev": true,
      "license": "MIT",
      "dependencies": {
        "undici-types": "~6.21.0"
      }
    },
    "../../node_modules/.pnpm/@types+react-dom@19.3.0_@types+react@19.3.0/node_modules/@types/react-dom": {
      "version": "19.3.0",
      "dev": true,
      "license": "MIT",
      "peerDependencies": {
        "@types/react": "^19.3.0"
      }
    },
    "../../node_modules/.pnpm/@types+react@19.3.0/node_modules/@types/react": {
      "version": "19.3.0",
      "dev": true,
      "license": "MIT",
      "dependencies": {
        "csstype": "^3.2.2"
      }
    },
    "../../node_modules/.pnpm/autoprefixer@10.6.1_postcss@8.5.28/node_modules/autoprefixer": {
      "version": "10.6.1",
      "dev": true,
      "funding": [
        {
          "type": "opencollective",
          "url": "https://opencollective.com/postcss/"
        },
        {
          "type": "tidelift",
          "url": "https://tidelift.com/funding/github/npm/autoprefixer"
        },
        {
          "type": "github",
          "url": "https://github.com/sponsors/ai"
        }
      ],
      "license": "MIT",
      "dependencies": {
        "browserslist": "^4.28.9",
        "caniuse-lite": "^1.0.30001810",
        "fraction.js": "^5.3.4",
        "picocolors": "^1.1.1",
        "postcss-value-parser": "^4.2.0"
      },
      "bin": {
        "autoprefixer": "bin/autoprefixer"
      },
      "engines": {
        "node": "^10 || ^12 || >=14"
      },
      "peerDependencies": {
        "postcss": "^8.1.0"
      }
    },
    "../../node_modules/.pnpm/canvas-confetti@1.9.4/node_modules/canvas-confetti": {
      "version": "1.9.4",
      "license": "ISC",
      "devDependencies": {
        "ava": "2.4.0",
        "babel-eslint": "^8.2.1",
        "browserify": "^15.2.0",
        "cross-env": "^5.1.3",
        "eslint": "^8.57.1",
        "eslint-plugin-ava": "^13.2.0",
        "jimp": "^0.2.28",
        "puppeteer": "^19.11.1",
        "rootrequire": "^1.0.0",
        "send": "^0.16.1",
        "terser": "^3.14.1"
      },
      "funding": {
        "type": "donate",
        "url": "https://www.paypal.me/kirilvatev"
      }
    },
    "../../node_modules/.pnpm/clsx@2.1.1/node_modules/clsx": {
      "version": "2.1.1",
      "license": "MIT",
      "devDependencies": {
        "esm": "3.2.25",
        "terser": "4.8.0",
        "uvu": "0.5.4"
      },
      "engines": {
        "node": ">=6"
      }
    },
    "../../node_modules/.pnpm/lenis@1.3.26_react@19.3.0/node_modules/lenis": {
      "version": "1.3.26",
      "license": "MIT",
      "workspaces": [
        "packages/*",
        "playground",
        "playground/*"
      ],
      "devDependencies": {
        "@biomejs/biome": "^2.4.2",
        "tsdown": "^0.21.4",
        "typescript": "^5.7.3"
      },
      "funding": {
        "type": "github",
        "url": "https://github.com/sponsors/darkroomengineering"
      },
      "peerDependencies": {
        "@nuxt/kit": ">=3.0.0",
        "react": ">=17.0.0",
        "vue": ">=3.0.0"
      },
      "peerDependenciesMeta": {
        "@nuxt/kit": {
          "optional": true
        },
        "react": {
          "optional": true
        },
        "vue": {
          "optional": true
        }
      }
    },
    "../../node_modules/.pnpm/lucide-react@1.48.0_react@19.3.0/node_modules/lucide-react": {
      "version": "1.48.0",
      "license": "ISC",
      "devDependencies": {
        "@lucide/build-icons": "1.1.0",
        "@lucide/rollup-plugins": "1.0.0",
        "@lucide/shared": "1.0.0",
        "@testing-library/jest-dom": "^7.0.1",
        "@testing-library/react": "^16.3.3",
        "@types/node": "^25.9.1",
        "@types/react": "^18.3.31",
        "@vitejs/plugin-react": "^5.2.0",
        "jest-serializer-html": "^7.1.0",
        "react": "18.3.1",
        "react-dom": "18.3.1",
        "rollup": "^4.63.1",
        "rollup-plugin-dts": "^6.5.1",
        "rollup-plugin-preserve-directives": "^0.4.0",
        "typescript": "^6.0.3",
        "vite": "^7.3.6"
      },
      "peerDependencies": {
        "react": "^16.5.1 || ^17.0.0 || ^18.0.0 || ^19.0.0"
      }
    },
    "../../node_modules/.pnpm/next@16.3.6_@types+node@20._c155e82ebf6b29c97bcbd54efcfa9d6c/node_modules/next": {
      "version": "16.3.6",
      "license": "MIT",
      "dependencies": {
        "@next/env": "16.3.6",
        "@swc/helpers": "0.5.23",
        "baseline-browser-mapping": "^2.9.19",
        "caniuse-lite": "^1.0.30001579",
        "postcss": "8.5.23",
        "styled-jsx": "5.1.6"
      },
      "bin": {
        "next": "dist/bin/next"
      },
      "engines": {
        "node": ">=20.9.0"
      },
      "optionalDependencies": {
        "@next/swc-darwin-arm64": "16.3.6",
        "@next/swc-darwin-x64": "16.3.6",
        "@next/swc-linux-arm64-gnu": "16.3.6",
        "@next/swc-linux-arm64-musl": "16.3.6",
        "@next/swc-linux-x64-gnu": "16.3.6",
        "@next/swc-linux-x64-musl": "16.3.6",
        "@next/swc-win32-arm64-msvc": "16.3.6",
        "@next/swc-win32-x64-msvc": "16.3.6",
        "sharp": "^0.35.4"
      },
      "peerDependencies": {
        "@opentelemetry/api": "^1.1.0",
        "@playwright/test": "^1.51.1",
        "babel-plugin-react-compiler": "*",
        "react": "^18.2.0 || 19.0.0-rc-de68d2f4-20241204 || ^19.0.0",
        "react-dom": "^18.2.0 || 19.0.0-rc-de68d2f4-20241204 || ^19.0.0",
        "sass": "^1.3.0"
      },
      "peerDependenciesMeta": {
        "@opentelemetry/api": {
          "optional": true
        },
        "@playwright/test": {
          "optional": true
        },
        "babel-plugin-react-compiler": {
          "optional": true
        },
        "sass": {
          "optional": true
        }
      }
    },
    "../../node_modules/.pnpm/onnxruntime-web@1.30.0/node_modules/onnxruntime-web": {
      "version": "1.30.0",
      "license": "MIT",
      "dependencies": {
        "flatbuffers": "^25.1.24",
        "guid-typescript": "^1.0.9",
        "long": "^5.2.3",
        "onnxruntime-common": "1.30.0",
        "platform": "^1.3.6",
        "protobufjs": "^7.2.4"
      },
      "devDependencies": {
        "@chiragrupani/karma-chromium-edge-launcher": "^2.2.2",
        "@petamoriken/float16": "^3.8.7",
        "@types/chai": "^4.3.4",
        "@types/emscripten": "^1.39.6",
        "@types/karma": "^6.1.0",
        "@types/minimatch": "^5.1.2",
        "@types/minimist": "^1.2.2",
        "@types/platform": "^1.3.4",
        "@webgpu/types": "^0.1.42",
        "base64-js": "^1.5.1",
        "chai": "^4.3.7",
        "electron": "^39.8.5",
        "globby": "^13.1.3",
        "karma": "^6.4.1",
        "karma-browserstack-launcher": "^1.6.0",
        "karma-chai": "^0.1.0",
        "karma-chrome-launcher": "^3.1.1",
        "karma-edge-launcher": "^0.4.2",
        "karma-electron": "^7.3.0",
        "karma-firefox-launcher": "^2.1.2",
        "karma-mocha": "^2.0.1",
        "karma-mocha-reporter": "^2.2.5",
        "karma-safari-applescript-launcher": "^0.1.1",
        "karma-sourcemap-loader": "^0.4.0",
        "minimatch": "^7.4.2",
        "minimist": "^1.2.8",
        "numpy-parser": "^1.2.3",
        "source-map": "^0.7.4",
        "strip-json-comments": "^5.0.0"
      }
    },
    "../../node_modules/.pnpm/postcss@8.5.28/node_modules/postcss": {
      "version": "8.5.28",
      "dev": true,
      "funding": [
        {
          "type": "opencollective",
          "url": "https://opencollective.com/postcss/"
        },
        {
          "type": "tidelift",
          "url": "https://tidelift.com/funding/github/npm/postcss"
        },
        {
          "type": "github",
          "url": "https://github.com/sponsors/ai"
        }
      ],
      "license": "MIT",
      "dependencies": {
        "nanoid": "^3.3.18",
        "picocolors": "^1.1.1",
        "source-map-js": "^1.2.1"
      },
      "engines": {
        "node": "^10 || ^12 || >=14"
      }
    },
    "../../node_modules/.pnpm/react-dom@19.3.0_react@19.3.0/node_modules/react-dom": {
      "version": "19.3.0",
      "license": "MIT",
      "dependencies": {
        "scheduler": "^0.28.0"
      },
      "peerDependencies": {
        "react": "^19.3.0"
      }
    },
    "../../node_modules/.pnpm/react@19.3.0/node_modules/react": {
      "version": "19.3.0",
      "license": "MIT",
      "engines": {
        "node": ">=0.10.0"
      }
    },
    "../../node_modules/.pnpm/tailwind-merge@3.7.0/node_modules/tailwind-merge": {
      "version": "3.7.0",
      "license": "MIT",
      "devDependencies": {
        "@babel/core": "^8.0.1",
        "@babel/preset-env": "^8.0.2",
        "@codspeed/vitest-plugin": "^5.7.1",
        "@rollup/plugin-babel": "^7.1.0",
        "@rollup/plugin-node-resolve": "^16.0.3",
        "@rollup/plugin-typescript": "^12.3.0",
        "@types/node": "^24.13.3",
        "babel-plugin-annotate-pure-calls": "^0.5.0",
        "babel-plugin-polyfill-regenerator": "^1.0.0",
        "eslint": "^9.39.5",
        "globby": "^16.2.2",
        "rollup": "^4.62.3",
        "rollup-plugin-delete": "^3.0.2",
        "rollup-plugin-dts": "^6.4.1",
        "tslib": "^2.8.1",
        "typescript": "^6.0.3",
        "typescript-compat": "npm:typescript@3.8.3",
        "vitest": "^4.1.10",
        "zx": "^8.8.5"
      },
      "funding": {
        "type": "github",
        "url": "https://github.com/sponsors/dcastil"
      }
    },
    "../../node_modules/.pnpm/tailwindcss@4.3.3/node_modules/tailwindcss": {
      "version": "4.3.3",
      "dev": true,
      "license": "MIT",
      "devDependencies": {
        "@jridgewell/remapping": "^2.3.5",
        "@tailwindcss/oxide": "^4.3.3",
        "@types/node": "22.19.21",
        "dedent": "1.7.2",
        "lightningcss": "1.32.0",
        "magic-string": "^0.30.21",
        "source-map-js": "^1.2.1"
      }
    },
    "../../node_modules/.pnpm/typescript@7.0.2/node_modules/typescript": {
      "version": "7.0.2",
      "dev": true,
      "license": "Apache-2.0",
      "bin": {
        "tsc": "bin/tsc"
      },
      "engines": {
        "node": ">=16.20.0"
      },
      "optionalDependencies": {
        "@typescript/typescript-aix-ppc64": "7.0.2",
        "@typescript/typescript-darwin-arm64": "7.0.2",
        "@typescript/typescript-darwin-x64": "7.0.2",
        "@typescript/typescript-freebsd-arm64": "7.0.2",
        "@typescript/typescript-freebsd-x64": "7.0.2",
        "@typescript/typescript-linux-arm": "7.0.2",
        "@typescript/typescript-linux-arm64": "7.0.2",
        "@typescript/typescript-linux-loong64": "7.0.2",
        "@typescript/typescript-linux-mips64el": "7.0.2",
        "@typescript/typescript-linux-ppc64": "7.0.2",
        "@typescript/typescript-linux-riscv64": "7.0.2",
        "@typescript/typescript-linux-s390x": "7.0.2",
        "@typescript/typescript-linux-x64": "7.0.2",
        "@typescript/typescript-netbsd-arm64": "7.0.2",
        "@typescript/typescript-netbsd-x64": "7.0.2",
        "@typescript/typescript-openbsd-arm64": "7.0.2",
        "@typescript/typescript-openbsd-x64": "7.0.2",
        "@typescript/typescript-sunos-x64": "7.0.2",
        "@typescript/typescript-win32-arm64": "7.0.2",
        "@typescript/typescript-win32-x64": "7.0.2"
      }
    },
    "node_modules/@clerk/backend": {
      "version": "3.20.1",
      "resolved": "https://registry.npmjs.org/@clerk/backend/-/backend-3.20.1.tgz",
      "integrity": "sha512-s07oW5yoFtnMbIzzjX61E+s8p278IBNlbPH2obEqNKNVLVb3SNR+UWERBiT1LgTp2LL3cdJmdNCvIaVTaGKMEA==",
      "license": "MIT",
      "dependencies": {
        "@clerk/shared": "^4.36.0",
        "standardwebhooks": "^1.0.0",
        "tslib": "2.8.1"
      },
      "engines": {
        "node": ">=20.9.0"
      }
    },
    "node_modules/@clerk/nextjs": {
      "version": "7.9.7",
      "resolved": "https://registry.npmjs.org/@clerk/nextjs/-/nextjs-7.9.7.tgz",
      "integrity": "sha512-Oi0ILXnnf3VfHPxLkklHIlz7QzoTLv/qiEsTX0athB/77hGBxpPLasfXz/XjZOGG9/4XoLA1AYJ8ayGO/87vsg==",
      "license": "MIT",
      "dependencies": {
        "@clerk/backend": "^3.20.1",
        "@clerk/react": "^6.17.2",
        "@clerk/shared": "^4.36.0",
        "server-only": "0.0.1",
        "tslib": "2.8.1"
      },
      "engines": {
        "node": ">=20.9.0"
      },
      "peerDependencies": {
        "next": "^15.2.8 || ^15.3.8 || ^15.4.10 || ^15.5.9 || ^15.6.0-0 || ^16.0.10 || ^16.1.0-0",
        "react": "^18.0.0 || ~19.0.3 || ~19.1.4 || ~19.2.3 || ~19.3.0-0",
        "react-dom": "^18.0.0 || ~19.0.3 || ~19.1.4 || ~19.2.3 || ~19.3.0-0"
      }
    },
    "node_modules/@clerk/react": {
      "version": "6.17.2",
      "resolved": "https://registry.npmjs.org/@clerk/react/-/react-6.17.2.tgz",
      "integrity": "sha512-4Uv4fcaHutq5J2v0lgqxcggMDmHCN4lwj5HEKv/2ynIcgBhOQasv/kOROzS58PQlz7r2AeFaFbK7SpH2rzP18w==",
      "license": "MIT",
      "dependencies": {
        "@clerk/shared": "^4.36.0",
        "tslib": "2.8.1"
      },
      "engines": {
        "node": ">=20.9.0"
      },
      "peerDependencies": {
        "react": "^18.0.0 || ~19.0.3 || ~19.1.4 || ~19.2.3 || ~19.3.0-0",
        "react-dom": "^18.0.0 || ~19.0.3 || ~19.1.4 || ~19.2.3 || ~19.3.0-0"
      }
    },
    "node_modules/@clerk/shared": {
      "version": "4.36.0",
      "resolved": "https://registry.npmjs.org/@clerk/shared/-/shared-4.36.0.tgz",
      "integrity": "sha512-K0RAZxGe2otl5FDl6NkhmwI05deN/lO2KFqaObhCRvtw8L1DJMaXUQVfvsJ8D7eDu+0ORiYeC3FcY8cHgI/2Mg==",
      "license": "MIT",
      "dependencies": {
        "@tanstack/query-core": "^5.101.4",
        "dequal": "2.0.3",
        "glob-to-regexp": "0.4.1",
        "js-cookie": "3.0.8"
      },
      "engines": {
        "node": ">=20.9.0"
      },
      "peerDependencies": {
        "react": "^18.0.0 || ~19.0.3 || ~19.1.4 || ~19.2.3 || ~19.3.0-0",
        "react-dom": "^18.0.0 || ~19.0.3 || ~19.1.4 || ~19.2.3 || ~19.3.0-0"
      },
      "peerDependenciesMeta": {
        "react": {
          "optional": true
        },
        "react-dom": {
          "optional": true
        }
      }
    },
    "node_modules/@mediapipe/tasks-vision": {
      "resolved": "../../node_modules/.pnpm/@mediapipe+tasks-vision@1.0.1/node_modules/@mediapipe/tasks-vision",
      "link": true
    },
    "node_modules/@stablelib/base64": {
      "version": "1.0.1",
      "resolved": "https://registry.npmjs.org/@stablelib/base64/-/base64-1.0.1.tgz",
      "integrity": "sha512-1bnPQqSxSuc3Ii6MhBysoWCg58j97aUjuCSZrGSmDxNqtytIi0k8utUenAwTZN4V5mXXYGsVUI9zeBqy+jBOSQ==",
      "license": "MIT"
    },
    "node_modules/@tailwindcss/postcss": {
      "resolved": "../../node_modules/.pnpm/@tailwindcss+postcss@4.3.3/node_modules/@tailwindcss/postcss",
      "link": true
    },
    "node_modules/@tanstack/query-core": {
      "version": "5.103.2",
      "resolved": "https://registry.npmjs.org/@tanstack/query-core/-/query-core-5.103.2.tgz",
      "integrity": "sha512-I8DkFXls5jXLqtm8+QpOhEmG07hIblhSZFzafg9wHsMSEvMzULy9hK17wU1T/ahfhMbtITJhbxutwwCoihkR7A==",
      "license": "MIT",
      "funding": {
        "type": "github",
        "url": "https://github.com/sponsors/tannerlinsley"
      }
    },
    "node_modules/@types/canvas-confetti": {
      "resolved": "../../node_modules/.pnpm/@types+canvas-confetti@1.9.0/node_modules/@types/canvas-confetti",
      "link": true
    },
    "node_modules/@types/node": {
      "resolved": "../../node_modules/.pnpm/@types+node@20.19.43/node_modules/@types/node",
      "link": true
    },
    "node_modules/@types/react": {
      "resolved": "../../node_modules/.pnpm/@types+react@19.3.0/node_modules/@types/react",
      "link": true
    },
    "node_modules/@types/react-dom": {
      "resolved": "../../node_modules/.pnpm/@types+react-dom@19.3.0_@types+react@19.3.0/node_modules/@types/react-dom",
      "link": true
    },
    "node_modules/autoprefixer": {
      "resolved": "../../node_modules/.pnpm/autoprefixer@10.6.1_postcss@8.5.28/node_modules/autoprefixer",
      "link": true
    },
    "node_modules/canvas-confetti": {
      "resolved": "../../node_modules/.pnpm/canvas-confetti@1.9.4/node_modules/canvas-confetti",
      "link": true
    },
    "node_modules/clsx": {
      "resolved": "../../node_modules/.pnpm/clsx@2.1.1/node_modules/clsx",
      "link": true
    },
    "node_modules/dequal": {
      "version": "2.0.3",
      "resolved": "https://registry.npmjs.org/dequal/-/dequal-2.0.3.tgz",
      "integrity": "sha512-0je+qPKHEMohvfRTCEo3CrPG6cAzAYgmzKyxRiYSSDkS6eGJdyVJm7WaYA5ECaAD9wLB2T4EEeymA5aFVcYXCA==",
      "license": "MIT",
      "engines": {
        "node": ">=6"
      }
    },
    "node_modules/fast-sha256": {
      "version": "1.3.0",
      "resolved": "https://registry.npmjs.org/fast-sha256/-/fast-sha256-1.3.0.tgz",
      "integrity": "sha512-n11RGP/lrWEFI/bWdygLxhI+pVeo1ZYIVwvvPkW7azl/rOy+F3HYRZ2K5zeE9mmkhQppyv9sQFx0JM9UabnpPQ==",
      "license": "Unlicense"
    },
    "node_modules/glob-to-regexp": {
      "version": "0.4.1",
      "resolved": "https://registry.npmjs.org/glob-to-regexp/-/glob-to-regexp-0.4.1.tgz",
      "integrity": "sha512-lkX1HJXwyMcprw/5YUZc2s7DrpAiHB21/V+E1rHUrVNokkvB6bqMzT0VfV6/86ZNabt1k14YOIaT7nDvOX3Iiw==",
      "license": "BSD-2-Clause"
    },
    "node_modules/js-cookie": {
      "version": "3.0.8",
      "resolved": "https://registry.npmjs.org/js-cookie/-/js-cookie-3.0.8.tgz",
      "integrity": "sha512-yeJd4aNAdYZQjaon2bpD/Gb0B/omw7HQOsynXXcOiWVCacbBcPlgn8S/d1X6blFSaHao7ozqtW7NZW19xpCtIw==",
      "license": "MIT"
    },
    "node_modules/lenis": {
      "resolved": "../../node_modules/.pnpm/lenis@1.3.26_react@19.3.0/node_modules/lenis",
      "link": true
    },
    "node_modules/lucide-react": {
      "resolved": "../../node_modules/.pnpm/lucide-react@1.48.0_react@19.3.0/node_modules/lucide-react",
      "link": true
    },
    "node_modules/next": {
      "resolved": "../../node_modules/.pnpm/next@16.3.6_@types+node@20._c155e82ebf6b29c97bcbd54efcfa9d6c/node_modules/next",
      "link": true
    },
    "node_modules/onnxruntime-web": {
      "resolved": "../../node_modules/.pnpm/onnxruntime-web@1.30.0/node_modules/onnxruntime-web",
      "link": true
    },
    "node_modules/postcss": {
      "resolved": "../../node_modules/.pnpm/postcss@8.5.28/node_modules/postcss",
      "link": true
    },
    "node_modules/react": {
      "resolved": "../../node_modules/.pnpm/react@19.3.0/node_modules/react",
      "link": true
    },
    "node_modules/react-dom": {
      "resolved": "../../node_modules/.pnpm/react-dom@19.3.0_react@19.3.0/node_modules/react-dom",
      "link": true
    },
    "node_modules/server-only": {
      "version": "0.0.1",
      "resolved": "https://registry.npmjs.org/server-only/-/server-only-0.0.1.tgz",
      "integrity": "sha512-qepMx2JxAa5jjfzxG79yPPq+8BuFToHd1hm7kI+Z4zAq1ftQiP7HcxMhDDItrbtwVeLg/cY2JnKnrcFkmiswNA==",
      "license": "MIT"
    },
    "node_modules/standardwebhooks": {
      "version": "1.1.1",
      "resolved": "https://registry.npmjs.org/standardwebhooks/-/standardwebhooks-1.1.1.tgz",
      "integrity": "sha512-bCbX9ZEyFkWPsRz7Bl3NuQUJohmwGSev/yhr7vhaGPlc4AfIrspIRa6cPTBuI1ItmrTDJ4d/S2hCsfe4+vQGnQ==",
      "license": "MIT",
      "dependencies": {
        "@stablelib/base64": "^1.0.0",
        "fast-sha256": "^1.3.0"
      }
    },
    "node_modules/tailwind-merge": {
      "resolved": "../../node_modules/.pnpm/tailwind-merge@3.7.0/node_modules/tailwind-merge",
      "link": true
    },
    "node_modules/tailwindcss": {
      "resolved": "../../node_modules/.pnpm/tailwindcss@4.3.3/node_modules/tailwindcss",
      "link": true
    },
    "node_modules/tslib": {
      "version": "2.8.1",
      "resolved": "https://registry.npmjs.org/tslib/-/tslib-2.8.1.tgz",
      "integrity": "sha512-oJFu94HQb+KVduSUQL7wnpmqnfmLsOA/nAh6b6EH0wCEoK0/mPeXU6c3wKDV83MkOuHPRHtSXKKU99IBazS/2w==",
      "license": "0BSD"
    },
    "node_modules/typescript": {
      "resolved": "../../node_modules/.pnpm/typescript@7.0.2/node_modules/typescript",
      "link": true
    }
  }
}
